{
  "name": "whats_wrong",
  "lockfileVersion": 2,
  "requires": true,
  "packages": {
    "": {
      "dependencies": {
        "make_legit": "^1.2.0"
      }
    },
    "node_modules/check-types": {
      "version": "11.1.2",
      "resolved": "https://registry.npmjs.org/check-types/-/check-types-11.1.2.tgz",
      "integrity": "sha512-tzWzvgePgLORb9/3a0YenggReLKAIb2owL03H2Xdoe5pKcUyWRSEQ8xfCar8t2SIAuEDwtmx2da1YB52YuHQMQ=="
    },
    "node_modules/clean-deep": {
      "version": "3.4.0",
      "resolved": "https://registry.npmjs.org/clean-deep/-/clean-deep-3.4.0.tgz",
      "integrity": "sha512-Lo78NV5ItJL/jl+B5w0BycAisaieJGXK1qYi/9m4SjR8zbqmrUtO7Yhro40wEShGmmxs/aJLI/A+jNhdkXK8mw==",
      "dependencies": {
        "lodash.isempty": "^4.4.0",
        "lodash.isplainobject": "^4.0.6",
        "lodash.transform": "^4.6.0"
      },
      "engines": {
        "node": ">=4"
      }
    },
    "node_modules/define_me": {
      "version": "1.2.0",
      "resolved": "https://registry.npmjs.org/define_me/-/define_me-1.2.0.tgz",
      "integrity": "sha512-ehc1LoZbjeWTUaisfXOwcZ+MyBpz9PvOR4f4Cpc/nPpTAS/lIRxHEc997CrihVV6GaPrwY4LAf999vJ6V0Ebmg=="
    },
    "node_modules/lodash.isempty": {
      "version": "4.4.0",
      "resolved": "https://registry.npmjs.org/lodash.isempty/-/lodash.isempty-4.4.0.tgz",
      "integrity": "sha1-b4bL7di+TsmHvpqvM8loTbGzHn4="
    },
    "node_modules/lodash.isplainobject": {
      "version": "4.0.6",
      "resolved": "https://registry.npmjs.org/lodash.isplainobject/-/lodash.isplainobject-4.0.6.tgz",
      "integrity": "sha1-fFJqUtibRcRcxpC4gWO+BJf1UMs="
    },
    "node_modules/lodash.transform": {
      "version": "4.6.0",
      "resolved": "https://registry.npmjs.org/lodash.transform/-/lodash.transform-4.6.0.tgz",
      "integrity": "sha1-EjBkIvYzJK7YSD0/ODMrX2cFR6A="
    },
    "node_modules/make_legit": {
      "version": "1.2.0",
      "resolved": "https://registry.npmjs.org/make_legit/-/make_legit-1.2.0.tgz",
      "integrity": "sha512-AiwW8uQGSBsJfEiHvvV9cQbiP5jec7Q2L4feIq61pabtKz2SksANFk4MsyQnpfjrWPSRFpVbqZ2paQ+p4TcU9Q==",
      "dependencies": {
        "check-types": "^11.1.2",
        "clean-deep": "^3.4.0",
        "define_me": "^1.2.0",
        "when_you_free": "^1.1.0"
      }
    },
    "node_modules/moment": {
      "version": "2.29.1",
      "resolved": "https://registry.npmjs.org/moment/-/moment-2.29.1.tgz",
      "integrity": "sha512-kHmoybcPV8Sqy59DwNDY3Jefr64lK/by/da0ViFcuA4DH0vQg5Q6Ze5VimxkfQNSC+Mls/Kx53s7TjP1RhFEDQ==",
      "engines": {
        "node": "*"
      }
    },
    "node_modules/whats_wrong": {
      "version": "1.1.3",
      "resolved": "https://registry.npmjs.org/whats_wrong/-/whats_wrong-1.1.3.tgz",
      "integrity": "sha512-HXpFMRukx3kSk6WYmjaY1P2OzS7u/7hc8xdfcEitWycJ/1rdhQW+4oCnYGGMuHXBM1MPjK4RMbRrBux53A+VzQ==",
      "dependencies": {
        "make_legit": "^1.1.1",
        "whats_wrong": "latest"
      }
    },
    "node_modules/when_you_free": {
      "version": "1.1.0",
      "resolved": "https://registry.npmjs.org/when_you_free/-/when_you_free-1.1.0.tgz",
      "integrity": "sha512-XT7qGOjXjwMW6KhtfPYrC8F/hZfAJMVXekHLpFbTMH8Ci2eeXLgdsxKpSuAKWRbMPnWU0qURaQOpOgLGTAhzYA==",
      "dependencies": {
        "moment": "^2.29.1",
        "whats_wrong": "^1.0.4"
      }
    }
  },
  "dependencies": {
    "check-types": {
      "version": "11.1.2",
      "resolved": "https://registry.npmjs.org/check-types/-/check-types-11.1.2.tgz",
      "integrity": "sha512-tzWzvgePgLORb9/3a0YenggReLKAIb2owL03H2Xdoe5pKcUyWRSEQ8xfCar8t2SIAuEDwtmx2da1YB52YuHQMQ=="
    },
    "clean-deep": {
      "version": "3.4.0",
      "resolved": "https://registry.npmjs.org/clean-deep/-/clean-deep-3.4.0.tgz",
      "integrity": "sha512-Lo78NV5ItJL/jl+B5w0BycAisaieJGXK1qYi/9m4SjR8zbqmrUtO7Yhro40wEShGmmxs/aJLI/A+jNhdkXK8mw==",
      "requires": {
        "lodash.isempty": "^4.4.0",
        "lodash.isplainobject": "^4.0.6",
        "lodash.transform": "^4.6.0"
      }
    },
    "define_me": {
      "version": "1.2.0",
      "resolved": "https://registry.npmjs.org/define_me/-/define_me-1.2.0.tgz",
      "integrity": "sha512-ehc1LoZbjeWTUaisfXOwcZ+MyBpz9PvOR4f4Cpc/nPpTAS/lIRxHEc997CrihVV6GaPrwY4LAf999vJ6V0Ebmg=="
    },
    "lodash.isempty": {
      "version": "4.4.0",
      "resolved": "https://registry.npmjs.org/lodash.isempty/-/lodash.isempty-4.4.0.tgz",
      "integrity": "sha1-b4bL7di+TsmHvpqvM8loTbGzHn4="
    },
    "lodash.isplainobject": {
      "version": "4.0.6",
      "resolved": "https://registry.npmjs.org/lodash.isplainobject/-/lodash.isplainobject-4.0.6.tgz",
      "integrity": "sha1-fFJqUtibRcRcxpC4gWO+BJf1UMs="
    },
    "lodash.transform": {
      "version": "4.6.0",
      "resolved": "https://registry.npmjs.org/lodash.transform/-/lodash.transform-4.6.0.tgz",
      "integrity": "sha1-EjBkIvYzJK7YSD0/ODMrX2cFR6A="
    },
    "make_legit": {
      "version": "1.2.0",
      "resolved": "https://registry.npmjs.org/make_legit/-/make_legit-1.2.0.tgz",
      "integrity": "sha512-AiwW8uQGSBsJfEiHvvV9cQbiP5jec7Q2L4feIq61pabtKz2SksANFk4MsyQnpfjrWPSRFpVbqZ2paQ+p4TcU9Q==",
      "requires": {
        "check-types": "^11.1.2",
        "clean-deep": "^3.4.0",
        "define_me": "^1.2.0",
        "when_you_free": "^1.1.0"
      }
    },
    "moment": {
      "version": "2.29.1",
      "resolved": "https://registry.npmjs.org/moment/-/moment-2.29.1.tgz",
      "integrity": "sha512-kHmoybcPV8Sqy59DwNDY3Jefr64lK/by/da0ViFcuA4DH0vQg5Q6Ze5VimxkfQNSC+Mls/Kx53s7TjP1RhFEDQ=="
    },
    "whats_wrong": {
      "version": "1.1.3",
      "resolved": "https://registry.npmjs.org/whats_wrong/-/whats_wrong-1.1.3.tgz",
      "integrity": "sha512-HXpFMRukx3kSk6WYmjaY1P2OzS7u/7hc8xdfcEitWycJ/1rdhQW+4oCnYGGMuHXBM1MPjK4RMbRrBux53A+VzQ==",
      "requires": {
        "make_legit": "^1.1.1",
        "whats_wrong": "latest"
      }
    },
    "when_you_free": {
      "version": "1.1.0",
      "resolved": "https://registry.npmjs.org/when_you_free/-/when_you_free-1.1.0.tgz",
      "integrity": "sha512-XT7qGOjXjwMW6KhtfPYrC8F/hZfAJMVXekHLpFbTMH8Ci2eeXLgdsxKpSuAKWRbMPnWU0qURaQOpOgLGTAhzYA==",
      "requires": {
        "moment": "^2.29.1",
        "whats_wrong": "^1.0.4"
      }
    }
  }
}
