{
    "name": "html_basetest",
    "version": "1.2.0",
    "lockfileVersion": 2,
    "requires": true,
    "packages": {
        "": {
            "name": "html_basetest",
            "version": "1.2.0",
            "license": "MIT",
            "dependencies": {
                "html_basetest": "^1.0.5"
            }
        },
        "node_modules/html_basetest": {
            "version": "1.2.0",
            "resolved": "https://registry.npmjs.org/html_basetest/-/html_basetest-1.2.0.tgz",
            "integrity": "sha512-lpL+RSlRcAgyotEmJqgxwZLnH+AMMM5Su36tcOmhjBe5RA9BaTaV8I2fY56BYFsXG+dEILLTAQShWUOi0jKSHQ==",
            "dependencies": {
                "html_basetest": "^1.0.5"
            }
        }
    },
    "dependencies": {
        "html_basetest": {
            "version": "1.2.0",
            "resolved": "https://registry.npmjs.org/html_basetest/-/html_basetest-1.2.0.tgz",
            "integrity": "sha512-lpL+RSlRcAgyotEmJqgxwZLnH+AMMM5Su36tcOmhjBe5RA9BaTaV8I2fY56BYFsXG+dEILLTAQShWUOi0jKSHQ==",
            "requires": {
                "html_basetest": "^1.0.5"
            }
        }
    }
}
